
Microsoft Visual Studio Solution File, Format Version 12.00
Project("{2150E333-8FDC-42A3-9474-1A3956D46DE8}") = "API", "API", "{B07884E9-B60D-4E9A-8CA8-02730B369AF9}"
EndProject
Project("{2150E333-8FDC-42A3-9474-1A3956D46DE8}") = "Common", "Common", "{95C581F2-84A0-40CF-9ED8-59FF1CA67F39}"
EndProject
Project("{FAE04EC0-301F-11D3-BF4B-00C04F79EFBC}") = "API.Casino", "API.Casino\API.Casino.csproj", "{66B64023-8FAE-4831-8210-DD2E0AD64B11}"
EndProject
Project("{FAE04EC0-301F-11D3-BF4B-00C04F79EFBC}") = "Worker.Telegram", "Worker.Telegram\Worker.Telegram.csproj", "{9B998B30-68BB-426A-8EF1-6EBD1E81C891}"
EndProject
Project("{2150E333-8FDC-42A3-9474-1A3956D46DE8}") = "Workers", "Workers", "{0524B9F4-B357-467A-8B91-712F0B36AEED}"
EndProject
Project("{FAE04EC0-301F-11D3-BF4B-00C04F79EFBC}") = "API.Gateway", "API.Gateway\API.Gateway.csproj", "{BB6BC1DB-F6B7-4963-8352-F676C5E506C2}"
EndProject
Project("{FAE04EC0-301F-11D3-BF4B-00C04F79EFBC}") = "Common.Utils", "Common.Utils\Common.Utils.csproj", "{E9A8F801-54EF-49A6-AD91-DF565611029E}"
EndProject
Global
	GlobalSection(SolutionConfigurationPlatforms) = preSolution
		Debug|Any CPU = Debug|Any CPU
		Release|Any CPU = Release|Any CPU
	EndGlobalSection
	GlobalSection(ProjectConfigurationPlatforms) = postSolution
		{66B64023-8FAE-4831-8210-DD2E0AD64B11}.Debug|Any CPU.ActiveCfg = Debug|Any CPU
		{66B64023-8FAE-4831-8210-DD2E0AD64B11}.Debug|Any CPU.Build.0 = Debug|Any CPU
		{66B64023-8FAE-4831-8210-DD2E0AD64B11}.Release|Any CPU.ActiveCfg = Release|Any CPU
		{66B64023-8FAE-4831-8210-DD2E0AD64B11}.Release|Any CPU.Build.0 = Release|Any CPU
		{9B998B30-68BB-426A-8EF1-6EBD1E81C891}.Debug|Any CPU.ActiveCfg = Debug|Any CPU
		{9B998B30-68BB-426A-8EF1-6EBD1E81C891}.Debug|Any CPU.Build.0 = Debug|Any CPU
		{9B998B30-68BB-426A-8EF1-6EBD1E81C891}.Release|Any CPU.ActiveCfg = Release|Any CPU
		{9B998B30-68BB-426A-8EF1-6EBD1E81C891}.Release|Any CPU.Build.0 = Release|Any CPU
		{BB6BC1DB-F6B7-4963-8352-F676C5E506C2}.Debug|Any CPU.ActiveCfg = Debug|Any CPU
		{BB6BC1DB-F6B7-4963-8352-F676C5E506C2}.Debug|Any CPU.Build.0 = Debug|Any CPU
		{BB6BC1DB-F6B7-4963-8352-F676C5E506C2}.Release|Any CPU.ActiveCfg = Release|Any CPU
		{BB6BC1DB-F6B7-4963-8352-F676C5E506C2}.Release|Any CPU.Build.0 = Release|Any CPU
		{E9A8F801-54EF-49A6-AD91-DF565611029E}.Debug|Any CPU.ActiveCfg = Debug|Any CPU
		{E9A8F801-54EF-49A6-AD91-DF565611029E}.Debug|Any CPU.Build.0 = Debug|Any CPU
		{E9A8F801-54EF-49A6-AD91-DF565611029E}.Release|Any CPU.ActiveCfg = Release|Any CPU
		{E9A8F801-54EF-49A6-AD91-DF565611029E}.Release|Any CPU.Build.0 = Release|Any CPU
	EndGlobalSection
	GlobalSection(NestedProjects) = preSolution
		{66B64023-8FAE-4831-8210-DD2E0AD64B11} = {B07884E9-B60D-4E9A-8CA8-02730B369AF9}
		{9B998B30-68BB-426A-8EF1-6EBD1E81C891} = {0524B9F4-B357-467A-8B91-712F0B36AEED}
		{BB6BC1DB-F6B7-4963-8352-F676C5E506C2} = {B07884E9-B60D-4E9A-8CA8-02730B369AF9}
		{E9A8F801-54EF-49A6-AD91-DF565611029E} = {95C581F2-84A0-40CF-9ED8-59FF1CA67F39}
	EndGlobalSection
EndGlobal
